{
  "name": "glass-launcher-tooling",
  "lockfileVersion": 3,
  "requires": true,
  "packages": {
    "": {
      "name": "glass-launcher-tooling",
      "devDependencies": {
        "agent-device": "0.21.22"
      }
    },
    "node_modules/agent-device": {
      "version": "0.21.22",
      "resolved": "https://registry.npmjs.org/agent-device/-/agent-device-0.21.22.tgz",
      "integrity": "sha512-ndUh5b+lZ2fRzzY80TTl/KmxR4bh+3FezSH0UGCjPCpN//1trSqtzzNUWunc4woY/vW3DEiPx5xYIwG+fBOXWA==",
      "dev": true,
      "bin": {
        "agent-device": "bin/agent-device.mjs"
      },
      "engines": {
        "node": ">=22.12"
      },
      "peerDependencies": {
        "ai": "^6.0.0 || ^7.0.0"
      },
      "peerDependenciesMeta": {
        "ai": {
          "optional": true
        }
      }
    }
  }
}
